// !$*UTF8*$!
{
	archiveVersion = 1;
	classes = {
	};
	objectVersion = 50;
	objects = {

/* Begin PBXBuildFile section */
		F3562DFE2639B1BE0091B8B0 /* AppDelegate.swift in Sources */ = {isa = PBXBuildFile; fileRef = F3562DFD2639B1BE0091B8B0 /* AppDelegate.swift */; };
		F3562E002639B1BE0091B8B0 /* SceneDelegate.swift in Sources */ = {isa = PBXBuildFile; fileRef = F3562DFF2639B1BE0091B8B0 /* SceneDelegate.swift */; };
		F3562E022639B1BE0091B8B0 /* DragAndDropViewController.swift in Sources */ = {isa = PBXBuildFile; fileRef = F3562E012639B1BE0091B8B0 /* DragAndDropViewController.swift */; };
		F3562E072639B1C10091B8B0 /* Assets.xcassets in Resources */ = {isa = PBXBuildFile; fileRef = F3562E062639B1C10091B8B0 /* Assets.xcassets */; };
		F3562E0A2639B1C10091B8B0 /* LaunchScreen.storyboard in Resources */ = {isa = PBXBuildFile; fileRef = F3562E082639B1C10091B8B0 /* LaunchScreen.storyboard */; };
		F3562E152639B1C20091B8B0 /* DragAndDropTests.swift in Sources */ = {isa = PBXBuildFile; fileRef = F3562E142639B1C20091B8B0 /* DragAndDropTests.swift */; };
		F3562E202639B1C20091B8B0 /* DragAndDropUITests.swift in Sources */ = {isa = PBXBuildFile; fileRef = F3562E1F2639B1C20091B8B0 /* DragAndDropUITests.swift */; };
/* End PBXBuildFile section */

/* Begin PBXContainerItemProxy section */
		F3562E112639B1C20091B8B0 /* PBXContainerItemProxy */ = {
			isa = PBXContainerItemProxy;
			containerPortal = F3562DF22639B1BE0091B8B0 /* Project object */;
			proxyType = 1;
			remoteGlobalIDString = F3562DF92639B1BE0091B8B0;
			remoteInfo = DragAndDrop;
		};
		F3562E1C2639B1C20091B8B0 /* PBXContainerItemProxy */ = {
			isa = PBXContainerItemProxy;
			containerPortal = F3562DF22639B1BE0091B8B0 /* Project object */;
			proxyType = 1;
			remoteGlobalIDString = F3562DF92639B1BE0091B8B0;
			remoteInfo = DragAndDrop;
		};
/* End PBXContainerItemProxy section */

/* Begin PBXFileReference section */
		F3562DFA2639B1BE0091B8B0 /* DragAndDrop.app */ = {isa = PBXFileReference; explicitFileType = wrapper.application; includeInIndex = 0; path = DragAndDrop.app; sourceTree = BUILT_PRODUCTS_DIR; };
		F3562DFD2639B1BE0091B8B0 /* AppDelegate.swift */ = {isa = PBXFileReference; lastKnownFileType = sourcecode.swift; path = AppDelegate.swift; sourceTree = "<group>"; };
		F3562DFF2639B1BE0091B8B0 /* SceneDelegate.swift */ = {isa = PBXFileReference; lastKnownFileType = sourcecode.swift; path = SceneDelegate.swift; sourceTree = "<group>"; };
		F3562E012639B1BE0091B8B0 /* DragAndDropViewController.swift */ = {isa = PBXFileReference; lastKnownFileType = sourcecode.swift; path = DragAndDropViewController.swift; sourceTree = "<group>"; };
		F3562E062639B1C10091B8B0 /* Assets.xcassets */ = {isa = PBXFileReference; lastKnownFileType = folder.assetcatalog; path = Assets.xcassets; sourceTree = "<group>"; };
		F3562E092639B1C10091B8B0 /* Base */ = {isa = PBXFileReference; lastKnownFileType = file.storyboard; name = Base; path = Base.lproj/LaunchScreen.storyboard; sourceTree = "<group>"; };
		F3562E0B2639B1C10091B8B0 /* Info.plist */ = {isa = PBXFileReference; lastKnownFileType = text.plist.xml; path = Info.plist; sourceTree = "<group>"; };
		F3562E102639B1C20091B8B0 /* DragAndDropTests.xctest */ = {isa = PBXFileReference; explicitFileType = wrapper.cfbundle; includeInIndex = 0; path = DragAndDropTests.xctest; sourceTree = BUILT_PRODUCTS_DIR; };
		F3562E142639B1C20091B8B0 /* DragAndDropTests.swift */ = {isa = PBXFileReference; lastKnownFileType = sourcecode.swift; path = DragAndDropTests.swift; sourceTree = "<group>"; };
		F3562E162639B1C20091B8B0 /* Info.plist */ = {isa = PBXFileReference; lastKnownFileType = text.plist.xml; path = Info.plist; sourceTree = "<group>"; };
		F3562E1B2639B1C20091B8B0 /* DragAndDropUITests.xctest */ = {isa = PBXFileReference; explicitFileType = wrapper.cfbundle; includeInIndex = 0; path = DragAndDropUITests.xctest; sourceTree = BUILT_PRODUCTS_DIR; };
		F3562E1F2639B1C20091B8B0 /* DragAndDropUITests.swift */ = {isa = PBXFileReference; lastKnownFileType = sourcecode.swift; path = DragAndDropUITests.swift; sourceTree = "<group>"; };
		F3562E212639B1C20091B8B0 /* Info.plist */ = {isa = PBXFileReference; lastKnownFileType = text.plist.xml; path = Info.plist; sourceTree = "<group>"; };
/* End PBXFileReference section */

/* Begin PBXFrameworksBuildPhase section */
		F3562DF72639B1BE0091B8B0 /* Frameworks */ = {
			isa = PBXFrameworksBuildPhase;
			buildActionMask = 2147483647;
			files = (
			);
			runOnlyForDeploymentPostprocessing = 0;
		};
		F3562E0D2639B1C20091B8B0 /* Frameworks */ = {
			isa = PBXFrameworksBuildPhase;
			buildActionMask = 2147483647;
			files = (
			);
			runOnlyForDeploymentPostprocessing = 0;
		};
		F3562E182639B1C20091B8B0 /* Frameworks */ = {
			isa = PBXFrameworksBuildPhase;
			buildActionMask = 2147483647;
			files = (
			);
			runOnlyForDeploymentPostprocessing = 0;
		};
/* End PBXFrameworksBuildPhase section */

/* Begin PBXGroup section */
		F3562DF12639B1BE0091B8B0 = {
			isa = PBXGroup;
			children = (
				F3562DFC2639B1BE0091B8B0 /* DragAndDrop */,
				F3562E132639B1C20091B8B0 /* DragAndDropTests */,
				F3562E1E2639B1C20091B8B0 /* DragAndDropUITests */,
				F3562DFB2639B1BE0091B8B0 /* Products */,
			);
			sourceTree = "<group>";
		};
		F3562DFB2639B1BE0091B8B0 /* Products */ = {
			isa = PBXGroup;
			children = (
				F3562DFA2639B1BE0091B8B0 /* DragAndDrop.app */,
				F3562E102639B1C20091B8B0 /* DragAndDropTests.xctest */,
				F3562E1B2639B1C20091B8B0 /* DragAndDropUITests.xctest */,
			);
			name = Products;
			sourceTree = "<group>";
		};
		F3562DFC2639B1BE0091B8B0 /* DragAndDrop */ = {
			isa = PBXGroup;
			children = (
				F3562DFD2639B1BE0091B8B0 /* AppDelegate.swift */,
				F3562DFF2639B1BE0091B8B0 /* SceneDelegate.swift */,
				F3562E012639B1BE0091B8B0 /* DragAndDropViewController.swift */,
				F3562E062639B1C10091B8B0 /* Assets.xcassets */,
				F3562E082639B1C10091B8B0 /* LaunchScreen.storyboard */,
				F3562E0B2639B1C10091B8B0 /* Info.plist */,
			);
			path = DragAndDrop;
			sourceTree = "<group>";
		};
		F3562E132639B1C20091B8B0 /* DragAndDropTests */ = {
			isa = PBXGroup;
			children = (
				F3562E142639B1C20091B8B0 /* DragAndDropTests.swift */,
				F3562E162639B1C20091B8B0 /* Info.plist */,
			);
			path = DragAndDropTests;
			sourceTree = "<group>";
		};
		F3562E1E2639B1C20091B8B0 /* DragAndDropUITests */ = {
			isa = PBXGroup;
			children = (
				F3562E1F2639B1C20091B8B0 /* DragAndDropUITests.swift */,
				F3562E212639B1C20091B8B0 /* Info.plist */,
			);
			path = DragAndDropUITests;
			sourceTree = "<group>";
		};
/* End PBXGroup section */

/* Begin PBXNativeTarget section */
		F3562DF92639B1BE0091B8B0 /* DragAndDrop */ = {
			isa = PBXNativeTarget;
			buildConfigurationList = F3562E242639B1C20091B8B0 /* Build configuration list for PBXNativeTarget "DragAndDrop" */;
			buildPhases = (
				F3562DF62639B1BE0091B8B0 /* Sources */,
				F3562DF72639B1BE0091B8B0 /* Frameworks */,
				F3562DF82639B1BE0091B8B0 /* Resources */,
			);
			buildRules = (
			);
			dependencies = (
			);
			name = DragAndDrop;
			productName = DragAndDrop;
			productReference = F3562DFA2639B1BE0091B8B0 /* DragAndDrop.app */;
			productType = "com.apple.product-type.application";
		};
		F3562E0F2639B1C20091B8B0 /* DragAndDropTests */ = {
			isa = PBXNativeTarget;
			buildConfigurationList = F3562E272639B1C20091B8B0 /* Build configuration list for PBXNativeTarget "DragAndDropTests" */;
			buildPhases = (
				F3562E0C2639B1C20091B8B0 /* Sources */,
				F3562E0D2639B1C20091B8B0 /* Frameworks */,
				F3562E0E2639B1C20091B8B0 /* Resources */,
			);
			buildRules = (
			);
			dependencies = (
				F3562E122639B1C20091B8B0 /* PBXTargetDependency */,
			);
			name = DragAndDropTests;
			productName = DragAndDropTests;
			productReference = F3562E102639B1C20091B8B0 /* DragAndDropTests.xctest */;
			productType = "com.apple.product-type.bundle.unit-test";
		};
		F3562E1A2639B1C20091B8B0 /* DragAndDropUITests */ = {
			isa = PBXNativeTarget;
			buildConfigurationList = F3562E2A2639B1C20091B8B0 /* Build configuration list for PBXNativeTarget "DragAndDropUITests" */;
			buildPhases = (
				F3562E172639B1C20091B8B0 /* Sources */,
				F3562E182639B1C20091B8B0 /* Frameworks */,
				F3562E192639B1C20091B8B0 /* Resources */,
			);
			buildRules = (
			);
			dependencies = (
				F3562E1D2639B1C20091B8B0 /* PBXTargetDependency */,
			);
			name = DragAndDropUITests;
			productName = DragAndDropUITests;
			productReference = F3562E1B2639B1C20091B8B0 /* DragAndDropUITests.xctest */;
			productType = "com.apple.product-type.bundle.ui-testing";
		};
/* End PBXNativeTarget section */

/* Begin PBXProject section */
		F3562DF22639B1BE0091B8B0 /* Project object */ = {
			isa = PBXProject;
			attributes = {
				LastSwiftUpdateCheck = 1250;
				LastUpgradeCheck = 1250;
				TargetAttributes = {
					F3562DF92639B1BE0091B8B0 = {
						CreatedOnToolsVersion = 12.5;
					};
					F3562E0F2639B1C20091B8B0 = {
						CreatedOnToolsVersion = 12.5;
						TestTargetID = F3562DF92639B1BE0091B8B0;
					};
					F3562E1A2639B1C20091B8B0 = {
						CreatedOnToolsVersion = 12.5;
						TestTargetID = F3562DF92639B1BE0091B8B0;
					};
				};
			};
			buildConfigurationList = F3562DF52639B1BE0091B8B0 /* Build configuration list for PBXProject "DragAndDrop" */;
			compatibilityVersion = "Xcode 9.3";
			developmentRegion = en;
			hasScannedForEncodings = 0;
			knownRegions = (
				en,
				Base,
			);
			mainGroup = F3562DF12639B1BE0091B8B0;
			productRefGroup = F3562DFB2639B1BE0091B8B0 /* Products */;
			projectDirPath = "";
			projectRoot = "";
			targets = (
				F3562DF92639B1BE0091B8B0 /* DragAndDrop */,
				F3562E0F2639B1C20091B8B0 /* DragAndDropTests */,
				F3562E1A2639B1C20091B8B0 /* DragAndDropUITests */,
			);
		};
/* End PBXProject section */

/* Begin PBXResourcesBuildPhase section */
		F3562DF82639B1BE0091B8B0 /* Resources */ = {
			isa = PBXResourcesBuildPhase;
			buildActionMask = 2147483647;
			files = (
				F3562E0A2639B1C10091B8B0 /* LaunchScreen.storyboard in Resources */,
				F3562E072639B1C10091B8B0 /* Assets.xcassets in Resources */,
			);
			runOnlyForDeploymentPostprocessing = 0;
		};
		F3562E0E2639B1C20091B8B0 /* Resources */ = {
			isa = PBXResourcesBuildPhase;
			buildActionMask = 2147483647;
			files = (
			);
			runOnlyForDeploymentPostprocessing = 0;
		};
		F3562E192639B1C20091B8B0 /* Resources */ = {
			isa = PBXResourcesBuildPhase;
			buildActionMask = 2147483647;
			files = (
			);
			runOnlyForDeploymentPostprocessing = 0;
		};
/* End PBXResourcesBuildPhase section */

/* Begin PBXSourcesBuildPhase section */
		F3562DF62639B1BE0091B8B0 /* Sources */ = {
			isa = PBXSourcesBuildPhase;
			buildActionMask = 2147483647;
			files = (
				F3562E022639B1BE0091B8B0 /* DragAndDropViewController.swift in Sources */,
				F3562DFE2639B1BE0091B8B0 /* AppDelegate.swift in Sources */,
				F3562E002639B1BE0091B8B0 /* SceneDelegate.swift in Sources */,
			);
			runOnlyForDeploymentPostprocessing = 0;
		};
		F3562E0C2639B1C20091B8B0 /* Sources */ = {
			isa = PBXSourcesBuildPhase;
			buildActionMask = 2147483647;
			files = (
				F3562E152639B1C20091B8B0 /* DragAndDropTests.swift in Sources */,
			);
			runOnlyForDeploymentPostprocessing = 0;
		};
		F3562E172639B1C20091B8B0 /* Sources */ = {
			isa = PBXSourcesBuildPhase;
			buildActionMask = 2147483647;
			files = (
				F3562E202639B1C20091B8B0 /* DragAndDropUITests.swift in Sources */,
			);
			runOnlyForDeploymentPostprocessing = 0;
		};
/* End PBXSourcesBuildPhase section */

/* Begin PBXTargetDependency section */
		F3562E122639B1C20091B8B0 /* PBXTargetDependency */ = {
			isa = PBXTargetDependency;
			target = F3562DF92639B1BE0091B8B0 /* DragAndDrop */;
			targetProxy = F3562E112639B1C20091B8B0 /* PBXContainerItemProxy */;
		};
		F3562E1D2639B1C20091B8B0 /* PBXTargetDependency */ = {
			isa = PBXTargetDependency;
			target = F3562DF92639B1BE0091B8B0 /* DragAndDrop */;
			targetProxy = F3562E1C2639B1C20091B8B0 /* PBXContainerItemProxy */;
		};
/* End PBXTargetDependency section */

/* Begin PBXVariantGroup section */
		F3562E082639B1C10091B8B0 /* LaunchScreen.storyboard */ = {
			isa = PBXVariantGroup;
			children = (
				F3562E092639B1C10091B8B0 /* Base */,
			);
			name = LaunchScreen.storyboard;
			sourceTree = "<group>";
		};
/* End PBXVariantGroup section */

/* Begin XCBuildConfiguration section */
		F3562E222639B1C20091B8B0 /* Debug */ = {
			isa = XCBuildConfiguration;
			buildSettings = {
				ALWAYS_SEARCH_USER_PATHS = NO;
				CLANG_ANALYZER_NONNULL = YES;
				CLANG_ANALYZER_NUMBER_OBJECT_CONVERSION = YES_AGGRESSIVE;
				CLANG_CXX_LANGUAGE_STANDARD = "gnu++14";
				CLANG_CXX_LIBRARY = "libc++";
				CLANG_ENABLE_MODULES = YES;
				CLANG_ENABLE_OBJC_ARC = YES;
				CLANG_ENABLE_OBJC_WEAK = YES;
				CLANG_WARN_BLOCK_CAPTURE_AUTORELEASING = YES;
				CLANG_WARN_BOOL_CONVERSION = YES;
				CLANG_WARN_COMMA = YES;
				CLANG_WARN_CONSTANT_CONVERSION = YES;
				CLANG_WARN_DEPRECATED_OBJC_IMPLEMENTATIONS = YES;
				CLANG_WARN_DIRECT_OBJC_ISA_USAGE = YES_ERROR;
				CLANG_WARN_DOCUMENTATION_COMMENTS = YES;
				CLANG_WARN_EMPTY_BODY = YES;
				CLANG_WARN_ENUM_CONVERSION = YES;
				CLANG_WARN_INFINITE_RECURSION = YES;
				CLANG_WARN_INT_CONVERSION = YES;
				CLANG_WARN_NON_LITERAL_NULL_CONVERSION = YES;
				CLANG_WARN_OBJC_IMPLICIT_RETAIN_SELF = YES;
				CLANG_WARN_OBJC_LITERAL_CONVERSION = YES;
				CLANG_WARN_OBJC_ROOT_CLASS = YES_ERROR;
				CLANG_WARN_QUOTED_INCLUDE_IN_FRAMEWORK_HEADER = YES;
				CLANG_WARN_RANGE_LOOP_ANALYSIS = YES;
				CLANG_WARN_STRICT_PROTOTYPES = YES;
				CLANG_WARN_SUSPICIOUS_MOVE = YES;
				CLANG_WARN_UNGUARDED_AVAILABILITY = YES_AGGRESSIVE;
				CLANG_WARN_UNREACHABLE_CODE = YES;
				CLANG_WARN__DUPLICATE_METHOD_MATCH = YES;
				COPY_PHASE_STRIP = NO;
				DEBUG_INFORMATION_FORMAT = dwarf;
				ENABLE_STRICT_OBJC_MSGSEND = YES;
				ENABLE_TESTABILITY = YES;
				GCC_C_LANGUAGE_STANDARD = gnu11;
				GCC_DYNAMIC_NO_PIC = NO;
				GCC_NO_COMMON_BLOCKS = YES;
				GCC_OPTIMIZATION_LEVEL = 0;
				GCC_PREPROCESSOR_DEFINITIONS = (
					"DEBUG=1",
					"$(inherited)",
				);
				GCC_WARN_64_TO_32_BIT_CONVERSION = YES;
				GCC_WARN_ABOUT_RETURN_TYPE = YES_ERROR;
				GCC_WARN_UNDECLARED_SELECTOR = YES;
				GCC_WARN_UNINITIALIZED_AUTOS = YES_AGGRESSIVE;
				GCC_WARN_UNUSED_FUNCTION = YES;
				GCC_WARN_UNUSED_VARIABLE = YES;
				IPHONEOS_DEPLOYMENT_TARGET = 14.5;
				MTL_ENABLE_DEBUG_INFO = INCLUDE_SOURCE;
				MTL_FAST_MATH = YES;
				ONLY_ACTIVE_ARCH = YES;
				SDKROOT = iphoneos;
				SWIFT_ACTIVE_COMPILATION_CONDITIONS = DEBUG;
				SWIFT_OPTIMIZATION_LEVEL = "-Onone";
			};
			name = Debug;
		};
		F3562E232639B1C20091B8B0 /* Release */ = {
			isa = XCBuildConfiguration;
			buildSettings = {
				ALWAYS_SEARCH_USER_PATHS = NO;
				CLANG_ANALYZER_NONNULL = YES;
				CLANG_ANALYZER_NUMBER_OBJECT_CONVERSION = YES_AGGRESSIVE;
				CLANG_CXX_LANGUAGE_STANDARD = "gnu++14";
				CLANG_CXX_LIBRARY = "libc++";
				CLANG_ENABLE_MODULES = YES;
				CLANG_ENABLE_OBJC_ARC = YES;
				CLANG_ENABLE_OBJC_WEAK = YES;
				CLANG_WARN_BLOCK_CAPTURE_AUTORELEASING = YES;
				CLANG_WARN_BOOL_CONVERSION = YES;
				CLANG_WARN_COMMA = YES;
				CLANG_WARN_CONSTANT_CONVERSION = YES;
				CLANG_WARN_DEPRECATED_OBJC_IMPLEMENTATIONS = YES;
				CLANG_WARN_DIRECT_OBJC_ISA_USAGE = YES_ERROR;
				CLANG_WARN_DOCUMENTATION_COMMENTS = YES;
				CLANG_WARN_EMPTY_BODY = YES;
				CLANG_WARN_ENUM_CONVERSION = YES;
				CLANG_WARN_INFINITE_RECURSION = YES;
				CLANG_WARN_INT_CONVERSION = YES;
				CLANG_WARN_NON_LITERAL_NULL_CONVERSION = YES;
				CLANG_WARN_OBJC_IMPLICIT_RETAIN_SELF = YES;
				CLANG_WARN_OBJC_LITERAL_CONVERSION = YES;
				CLANG_WARN_OBJC_ROOT_CLASS = YES_ERROR;
				CLANG_WARN_QUOTED_INCLUDE_IN_FRAMEWORK_HEADER = YES;
				CLANG_WARN_RANGE_LOOP_ANALYSIS = YES;
				CLANG_WARN_STRICT_PROTOTYPES = YES;
				CLANG_WARN_SUSPICIOUS_MOVE = YES;
				CLANG_WARN_UNGUARDED_AVAILABILITY = YES_AGGRESSIVE;
				CLANG_WARN_UNREACHABLE_CODE = YES;
				CLANG_WARN__DUPLICATE_METHOD_MATCH = YES;
				COPY_PHASE_STRIP = NO;
				DEBUG_INFORMATION_FORMAT = "dwarf-with-dsym";
				ENABLE_NS_ASSERTIONS = NO;
				ENABLE_STRICT_OBJC_MSGSEND = YES;
				GCC_C_LANGUAGE_STANDARD = gnu11;
				GCC_NO_COMMON_BLOCKS = YES;
				GCC_WARN_64_TO_32_BIT_CONVERSION = YES;
				GCC_WARN_ABOUT_RETURN_TYPE = YES_ERROR;
				GCC_WARN_UNDECLARED_SELECTOR = YES;
				GCC_WARN_UNINITIALIZED_AUTOS = YES_AGGRESSIVE;
				GCC_WARN_UNUSED_FUNCTION = YES;
				GCC_WARN_UNUSED_VARIABLE = YES;
				IPHONEOS_DEPLOYMENT_TARGET = 14.5;
				MTL_ENABLE_DEBUG_INFO = NO;
				MTL_FAST_MATH = YES;
				SDKROOT = iphoneos;
				SWIFT_COMPILATION_MODE = wholemodule;
				SWIFT_OPTIMIZATION_LEVEL = "-O";
				VALIDATE_PRODUCT = YES;
			};
			name = Release;
		};
		F3562E252639B1C20091B8B0 /* Debug */ = {
			isa = XCBuildConfiguration;
			buildSettings = {
				ASSETCATALOG_COMPILER_APPICON_NAME = AppIcon;
				ASSETCATALOG_COMPILER_GLOBAL_ACCENT_COLOR_NAME = AccentColor;
				CODE_SIGN_STYLE = Automatic;
				DEVELOPMENT_TEAM = 2ZZQGXN669;
				INFOPLIST_FILE = DragAndDrop/Info.plist;
				LD_RUNPATH_SEARCH_PATHS = (
					"$(inherited)",
					"@executable_path/Frameworks",
				);
				PRODUCT_BUNDLE_IDENTIFIER = com.dequeSystems.DragAndDrop;
				PRODUCT_NAME = "$(TARGET_NAME)";
				SWIFT_VERSION = 5.0;
				TARGETED_DEVICE_FAMILY = "1,2";
			};
			name = Debug;
		};
		F3562E262639B1C20091B8B0 /* Release */ = {
			isa = XCBuildConfiguration;
			buildSettings = {
				ASSETCATALOG_COMPILER_APPICON_NAME = AppIcon;
				ASSETCATALOG_COMPILER_GLOBAL_ACCENT_COLOR_NAME = AccentColor;
				CODE_SIGN_STYLE = Automatic;
				DEVELOPMENT_TEAM = 2ZZQGXN669;
				INFOPLIST_FILE = DragAndDrop/Info.plist;
				LD_RUNPATH_SEARCH_PATHS = (
					"$(inherited)",
					"@executable_path/Frameworks",
				);
				PRODUCT_BUNDLE_IDENTIFIER = com.dequeSystems.DragAndDrop;
				PRODUCT_NAME = "$(TARGET_NAME)";
				SWIFT_VERSION = 5.0;
				TARGETED_DEVICE_FAMILY = "1,2";
			};
			name = Release;
		};
		F3562E282639B1C20091B8B0 /* Debug */ = {
			isa = XCBuildConfiguration;
			buildSettings = {
				ALWAYS_EMBED_SWIFT_STANDARD_LIBRARIES = YES;
				BUNDLE_LOADER = "$(TEST_HOST)";
				CODE_SIGN_STYLE = Automatic;
				DEVELOPMENT_TEAM = 2ZZQGXN669;
				INFOPLIST_FILE = DragAndDropTests/Info.plist;
				IPHONEOS_DEPLOYMENT_TARGET = 14.5;
				LD_RUNPATH_SEARCH_PATHS = (
					"$(inherited)",
					"@executable_path/Frameworks",
					"@loader_path/Frameworks",
				);
				PRODUCT_BUNDLE_IDENTIFIER = com.dequeSystems.DragAndDropTests;
				PRODUCT_NAME = "$(TARGET_NAME)";
				SWIFT_VERSION = 5.0;
				TARGETED_DEVICE_FAMILY = "1,2";
				TEST_HOST = "$(BUILT_PRODUCTS_DIR)/DragAndDrop.app/DragAndDrop";
			};
			name = Debug;
		};
		F3562E292639B1C20091B8B0 /* Release */ = {
			isa = XCBuildConfiguration;
			buildSettings = {
				ALWAYS_EMBED_SWIFT_STANDARD_LIBRARIES = YES;
				BUNDLE_LOADER = "$(TEST_HOST)";
				CODE_SIGN_STYLE = Automatic;
				DEVELOPMENT_TEAM = 2ZZQGXN669;
				INFOPLIST_FILE = DragAndDropTests/Info.plist;
				IPHONEOS_DEPLOYMENT_TARGET = 14.5;
				LD_RUNPATH_SEARCH_PATHS = (
					"$(inherited)",
					"@executable_path/Frameworks",
					"@loader_path/Frameworks",
				);
				PRODUCT_BUNDLE_IDENTIFIER = com.dequeSystems.DragAndDropTests;
				PRODUCT_NAME = "$(TARGET_NAME)";
				SWIFT_VERSION = 5.0;
				TARGETED_DEVICE_FAMILY = "1,2";
				TEST_HOST = "$(BUILT_PRODUCTS_DIR)/DragAndDrop.app/DragAndDrop";
			};
			name = Release;
		};
		F3562E2B2639B1C20091B8B0 /* Debug */ = {
			isa = XCBuildConfiguration;
			buildSettings = {
				ALWAYS_EMBED_SWIFT_STANDARD_LIBRARIES = YES;
				CODE_SIGN_STYLE = Automatic;
				DEVELOPMENT_TEAM = 2ZZQGXN669;
				INFOPLIST_FILE = DragAndDropUITests/Info.plist;
				LD_RUNPATH_SEARCH_PATHS = (
					"$(inherited)",
					"@executable_path/Frameworks",
					"@loader_path/Frameworks",
				);
				PRODUCT_BUNDLE_IDENTIFIER = com.dequeSystems.DragAndDropUITests;
				PRODUCT_NAME = "$(TARGET_NAME)";
				SWIFT_VERSION = 5.0;
				TARGETED_DEVICE_FAMILY = "1,2";
				TEST_TARGET_NAME = DragAndDrop;
			};
			name = Debug;
		};
		F3562E2C2639B1C20091B8B0 /* Release */ = {
			isa = XCBuildConfiguration;
			buildSettings = {
				ALWAYS_EMBED_SWIFT_STANDARD_LIBRARIES = YES;
				CODE_SIGN_STYLE = Automatic;
				DEVELOPMENT_TEAM = 2ZZQGXN669;
				INFOPLIST_FILE = DragAndDropUITests/Info.plist;
				LD_RUNPATH_SEARCH_PATHS = (
					"$(inherited)",
					"@executable_path/Frameworks",
					"@loader_path/Frameworks",
				);
				PRODUCT_BUNDLE_IDENTIFIER = com.dequeSystems.DragAndDropUITests;
				PRODUCT_NAME = "$(TARGET_NAME)";
				SWIFT_VERSION = 5.0;
				TARGETED_DEVICE_FAMILY = "1,2";
				TEST_TARGET_NAME = DragAndDrop;
			};
			name = Release;
		};
/* End XCBuildConfiguration section */

/* Begin XCConfigurationList section */
		F3562DF52639B1BE0091B8B0 /* Build configuration list for PBXProject "DragAndDrop" */ = {
			isa = XCConfigurationList;
			buildConfigurations = (
				F3562E222639B1C20091B8B0 /* Debug */,
				F3562E232639B1C20091B8B0 /* Release */,
			);
			defaultConfigurationIsVisible = 0;
			defaultConfigurationName = Release;
		};
		F3562E242639B1C20091B8B0 /* Build configuration list for PBXNativeTarget "DragAndDrop" */ = {
			isa = XCConfigurationList;
			buildConfigurations = (
				F3562E252639B1C20091B8B0 /* Debug */,
				F3562E262639B1C20091B8B0 /* Release */,
			);
			defaultConfigurationIsVisible = 0;
			defaultConfigurationName = Release;
		};
		F3562E272639B1C20091B8B0 /* Build configuration list for PBXNativeTarget "DragAndDropTests" */ = {
			isa = XCConfigurationList;
			buildConfigurations = (
				F3562E282639B1C20091B8B0 /* Debug */,
				F3562E292639B1C20091B8B0 /* Release */,
			);
			defaultConfigurationIsVisible = 0;
			defaultConfigurationName = Release;
		};
		F3562E2A2639B1C20091B8B0 /* Build configuration list for PBXNativeTarget "DragAndDropUITests" */ = {
			isa = XCConfigurationList;
			buildConfigurations = (
				F3562E2B2639B1C20091B8B0 /* Debug */,
				F3562E2C2639B1C20091B8B0 /* Release */,
			);
			defaultConfigurationIsVisible = 0;
			defaultConfigurationName = Release;
		};
/* End XCConfigurationList section */
	};
	rootObject = F3562DF22639B1BE0091B8B0 /* Project object */;
}
